%{"csv": {:git, "https://github.com/harrisonl/csv.git", "985521672d4a3bbcb02981617743a86ddce76ebe", []},
  "parallel_stream": {:hex, :parallel_stream, "1.0.5", "4c78d3e675f9eff885cbe252c89a8fc1d2fb803c0d03a914281e587834e09431", [:mix], []},
  "table_rex": {:hex, :table_rex, "0.10.0", "d981954370c00645c32ff7719c105db90ba6a9aa3e951c4d68eaeae3e0bfd40f", [:mix], []}}
